
Microsoft Visual Studio Solution File, Format Version 12.00
# Visual Studio Version 17
VisualStudioVersion = 17.14.36705.20 d17.14
MinimumVisualStudioVersion = 10.0.40219.1
Project("{00D1A9C2-B5F0-4AF3-8072-F6C62B433612}") = "DWH_ETL", "DWH_ETL\DWH_ETL.sqlproj", "{B229CA7E-8EC5-4C44-8AC3-2B81248B1C66}"
EndProject
Project("{00D1A9C2-B5F0-4AF3-8072-F6C62B433612}") = "DWH_Staging", "DWH_Staging\DWH_Staging.sqlproj", "{D501D6B1-5D3C-4908-9B51-A0D8F09B450D}"
EndProject
Global
	GlobalSection(SolutionConfigurationPlatforms) = preSolution
		Debug|Any CPU = Debug|Any CPU
		Release|Any CPU = Release|Any CPU
	EndGlobalSection
	GlobalSection(ProjectConfigurationPlatforms) = postSolution
		{B229CA7E-8EC5-4C44-8AC3-2B81248B1C66}.Debug|Any CPU.ActiveCfg = Debug|Any CPU
		{B229CA7E-8EC5-4C44-8AC3-2B81248B1C66}.Debug|Any CPU.Build.0 = Debug|Any CPU
		{B229CA7E-8EC5-4C44-8AC3-2B81248B1C66}.Debug|Any CPU.Deploy.0 = Debug|Any CPU
		{B229CA7E-8EC5-4C44-8AC3-2B81248B1C66}.Release|Any CPU.ActiveCfg = Release|Any CPU
		{B229CA7E-8EC5-4C44-8AC3-2B81248B1C66}.Release|Any CPU.Build.0 = Release|Any CPU
		{B229CA7E-8EC5-4C44-8AC3-2B81248B1C66}.Release|Any CPU.Deploy.0 = Release|Any CPU
		{D501D6B1-5D3C-4908-9B51-A0D8F09B450D}.Debug|Any CPU.ActiveCfg = Debug|Any CPU
		{D501D6B1-5D3C-4908-9B51-A0D8F09B450D}.Debug|Any CPU.Build.0 = Debug|Any CPU
		{D501D6B1-5D3C-4908-9B51-A0D8F09B450D}.Debug|Any CPU.Deploy.0 = Debug|Any CPU
		{D501D6B1-5D3C-4908-9B51-A0D8F09B450D}.Release|Any CPU.ActiveCfg = Release|Any CPU
		{D501D6B1-5D3C-4908-9B51-A0D8F09B450D}.Release|Any CPU.Build.0 = Release|Any CPU
		{D501D6B1-5D3C-4908-9B51-A0D8F09B450D}.Release|Any CPU.Deploy.0 = Release|Any CPU
	EndGlobalSection
	GlobalSection(SolutionProperties) = preSolution
		HideSolutionNode = FALSE
	EndGlobalSection
	GlobalSection(ExtensibilityGlobals) = postSolution
		SolutionGuid = {7982921D-3F5B-4057-9019-1D9102EFB82C}
	EndGlobalSection
EndGlobal
